
Microsoft Visual Studio Solution File, Format Version 12.00
# Visual Studio Version 17
VisualStudioVersion = 17.11.35312.102
MinimumVisualStudioVersion = 10.0.40219.1
Project("{FAE04EC0-301F-11D3-BF4B-00C04F79EFBC}") = "amazing-bank-app", "amazing-bank-app\amazing-bank-app.csproj", "{E32C6038-6094-4A68-AD40-CE7DAAE7CD64}"
EndProject
Global
	GlobalSection(SolutionConfigurationPlatforms) = preSolution
		Debug|Any CPU = Debug|Any CPU
		Release|Any CPU = Release|Any CPU
	EndGlobalSection
	GlobalSection(ProjectConfigurationPlatforms) = postSolution
		{E32C6038-6094-4A68-AD40-CE7DAAE7CD64}.Debug|Any CPU.ActiveCfg = Debug|Any CPU
		{E32C6038-6094-4A68-AD40-CE7DAAE7CD64}.Debug|Any CPU.Build.0 = Debug|Any CPU
		{E32C6038-6094-4A68-AD40-CE7DAAE7CD64}.Release|Any CPU.ActiveCfg = Release|Any CPU
		{E32C6038-6094-4A68-AD40-CE7DAAE7CD64}.Release|Any CPU.Build.0 = Release|Any CPU
	EndGlobalSection
	GlobalSection(SolutionProperties) = preSolution
		HideSolutionNode = FALSE
	EndGlobalSection
	GlobalSection(ExtensibilityGlobals) = postSolution
		SolutionGuid = {9D67C201-AE81-45FF-BB3E-E6F962825ECB}
	EndGlobalSection
EndGlobal
